
Microsoft Visual Studio Solution File, Format Version 12.00
# Visual Studio Version 16
VisualStudioVersion = 16.0.31624.102
MinimumVisualStudioVersion = 10.0.40219.1
Project("{8BC9CEB8-8B4A-11D0-8D11-00A0C91BC942}") = "三维世界的派生与继承 - 2022", "三维世界的派生与继承 - 2022.vcxproj", "{29D461B3-5C3A-4650-8429-E04C6C776EDA}"
EndProject
Global
	GlobalSection(SolutionConfigurationPlatforms) = preSolution
		Debug|x64 = Debug|x64
		Debug|x86 = Debug|x86
		Release|x64 = Release|x64
		Release|x86 = Release|x86
	EndGlobalSection
	GlobalSection(ProjectConfigurationPlatforms) = postSolution
		{29D461B3-5C3A-4650-8429-E04C6C776EDA}.Debug|x64.ActiveCfg = Debug|x64
		{29D461B3-5C3A-4650-8429-E04C6C776EDA}.Debug|x64.Build.0 = Debug|x64
		{29D461B3-5C3A-4650-8429-E04C6C776EDA}.Debug|x86.ActiveCfg = Debug|Win32
		{29D461B3-5C3A-4650-8429-E04C6C776EDA}.Debug|x86.Build.0 = Debug|Win32
		{29D461B3-5C3A-4650-8429-E04C6C776EDA}.Release|x64.ActiveCfg = Release|x64
		{29D461B3-5C3A-4650-8429-E04C6C776EDA}.Release|x64.Build.0 = Release|x64
		{29D461B3-5C3A-4650-8429-E04C6C776EDA}.Release|x86.ActiveCfg = Release|Win32
		{29D461B3-5C3A-4650-8429-E04C6C776EDA}.Release|x86.Build.0 = Release|Win32
	EndGlobalSection
	GlobalSection(SolutionProperties) = preSolution
		HideSolutionNode = FALSE
	EndGlobalSection
	GlobalSection(ExtensibilityGlobals) = postSolution
		SolutionGuid = {2CE5E196-6F81-42B9-B22B-EA1A1ADA0FE7}
	EndGlobalSection
EndGlobal
