
Microsoft Visual Studio Solution File, Format Version 12.00
# Visual Studio Version 16
VisualStudioVersion = 16.0.31624.102
MinimumVisualStudioVersion = 10.0.40219.1
Project("{8BC9CEB8-8B4A-11D0-8D11-00A0C91BC942}") = "棋盘问题", "棋盘问题.vcxproj", "{3FE89F19-A5FA-49F9-98C7-BF0A4F1D86A8}"
EndProject
Global
	GlobalSection(SolutionConfigurationPlatforms) = preSolution
		Debug|x64 = Debug|x64
		Debug|x86 = Debug|x86
		Release|x64 = Release|x64
		Release|x86 = Release|x86
	EndGlobalSection
	GlobalSection(ProjectConfigurationPlatforms) = postSolution
		{3FE89F19-A5FA-49F9-98C7-BF0A4F1D86A8}.Debug|x64.ActiveCfg = Debug|x64
		{3FE89F19-A5FA-49F9-98C7-BF0A4F1D86A8}.Debug|x64.Build.0 = Debug|x64
		{3FE89F19-A5FA-49F9-98C7-BF0A4F1D86A8}.Debug|x86.ActiveCfg = Debug|Win32
		{3FE89F19-A5FA-49F9-98C7-BF0A4F1D86A8}.Debug|x86.Build.0 = Debug|Win32
		{3FE89F19-A5FA-49F9-98C7-BF0A4F1D86A8}.Release|x64.ActiveCfg = Release|x64
		{3FE89F19-A5FA-49F9-98C7-BF0A4F1D86A8}.Release|x64.Build.0 = Release|x64
		{3FE89F19-A5FA-49F9-98C7-BF0A4F1D86A8}.Release|x86.ActiveCfg = Release|Win32
		{3FE89F19-A5FA-49F9-98C7-BF0A4F1D86A8}.Release|x86.Build.0 = Release|Win32
	EndGlobalSection
	GlobalSection(SolutionProperties) = preSolution
		HideSolutionNode = FALSE
	EndGlobalSection
	GlobalSection(ExtensibilityGlobals) = postSolution
		SolutionGuid = {76FC222D-AD6A-400C-8155-AACB37E578CB}
	EndGlobalSection
EndGlobal
