
Microsoft Visual Studio Solution File, Format Version 12.00
# Visual Studio Version 16
VisualStudioVersion = 16.0.31624.102
MinimumVisualStudioVersion = 10.0.40219.1
Project("{8BC9CEB8-8B4A-11D0-8D11-00A0C91BC942}") = "求字符串中出现最多的字母", "求字符串中出现最多的字母.vcxproj", "{82D99C0B-0260-4DC2-BBE1-1E8EB5D497AC}"
EndProject
Global
	GlobalSection(SolutionConfigurationPlatforms) = preSolution
		Debug|x64 = Debug|x64
		Debug|x86 = Debug|x86
		Release|x64 = Release|x64
		Release|x86 = Release|x86
	EndGlobalSection
	GlobalSection(ProjectConfigurationPlatforms) = postSolution
		{82D99C0B-0260-4DC2-BBE1-1E8EB5D497AC}.Debug|x64.ActiveCfg = Debug|x64
		{82D99C0B-0260-4DC2-BBE1-1E8EB5D497AC}.Debug|x64.Build.0 = Debug|x64
		{82D99C0B-0260-4DC2-BBE1-1E8EB5D497AC}.Debug|x86.ActiveCfg = Debug|Win32
		{82D99C0B-0260-4DC2-BBE1-1E8EB5D497AC}.Debug|x86.Build.0 = Debug|Win32
		{82D99C0B-0260-4DC2-BBE1-1E8EB5D497AC}.Release|x64.ActiveCfg = Release|x64
		{82D99C0B-0260-4DC2-BBE1-1E8EB5D497AC}.Release|x64.Build.0 = Release|x64
		{82D99C0B-0260-4DC2-BBE1-1E8EB5D497AC}.Release|x86.ActiveCfg = Release|Win32
		{82D99C0B-0260-4DC2-BBE1-1E8EB5D497AC}.Release|x86.Build.0 = Release|Win32
	EndGlobalSection
	GlobalSection(SolutionProperties) = preSolution
		HideSolutionNode = FALSE
	EndGlobalSection
	GlobalSection(ExtensibilityGlobals) = postSolution
		SolutionGuid = {9772A98B-81AA-467A-9C2A-B00732845C17}
	EndGlobalSection
EndGlobal
