
Microsoft Visual Studio Solution File, Format Version 12.00
# Visual Studio Version 16
VisualStudioVersion = 16.0.31624.102
MinimumVisualStudioVersion = 10.0.40219.1
Project("{8BC9CEB8-8B4A-11D0-8D11-00A0C91BC942}") = "栈模板", "栈模板.vcxproj", "{1884436D-2A3A-46C5-A57C-827C6FFB1468}"
EndProject
Global
	GlobalSection(SolutionConfigurationPlatforms) = preSolution
		Debug|x64 = Debug|x64
		Debug|x86 = Debug|x86
		Release|x64 = Release|x64
		Release|x86 = Release|x86
	EndGlobalSection
	GlobalSection(ProjectConfigurationPlatforms) = postSolution
		{1884436D-2A3A-46C5-A57C-827C6FFB1468}.Debug|x64.ActiveCfg = Debug|x64
		{1884436D-2A3A-46C5-A57C-827C6FFB1468}.Debug|x64.Build.0 = Debug|x64
		{1884436D-2A3A-46C5-A57C-827C6FFB1468}.Debug|x86.ActiveCfg = Debug|Win32
		{1884436D-2A3A-46C5-A57C-827C6FFB1468}.Debug|x86.Build.0 = Debug|Win32
		{1884436D-2A3A-46C5-A57C-827C6FFB1468}.Release|x64.ActiveCfg = Release|x64
		{1884436D-2A3A-46C5-A57C-827C6FFB1468}.Release|x64.Build.0 = Release|x64
		{1884436D-2A3A-46C5-A57C-827C6FFB1468}.Release|x86.ActiveCfg = Release|Win32
		{1884436D-2A3A-46C5-A57C-827C6FFB1468}.Release|x86.Build.0 = Release|Win32
	EndGlobalSection
	GlobalSection(SolutionProperties) = preSolution
		HideSolutionNode = FALSE
	EndGlobalSection
	GlobalSection(ExtensibilityGlobals) = postSolution
		SolutionGuid = {08DF13F1-1162-42AF-9C18-BD8F0CB707F2}
	EndGlobalSection
EndGlobal
