
Microsoft Visual Studio Solution File, Format Version 12.00
# Visual Studio Version 16
VisualStudioVersion = 16.0.31624.102
MinimumVisualStudioVersion = 10.0.40219.1
Project("{8BC9CEB8-8B4A-11D0-8D11-00A0C91BC942}") = "赋值运算", "赋值运算.vcxproj", "{445A7CDA-5DF8-44E0-AAF9-5FEA293B9F10}"
EndProject
Global
	GlobalSection(SolutionConfigurationPlatforms) = preSolution
		Debug|x64 = Debug|x64
		Debug|x86 = Debug|x86
		Release|x64 = Release|x64
		Release|x86 = Release|x86
	EndGlobalSection
	GlobalSection(ProjectConfigurationPlatforms) = postSolution
		{445A7CDA-5DF8-44E0-AAF9-5FEA293B9F10}.Debug|x64.ActiveCfg = Debug|x64
		{445A7CDA-5DF8-44E0-AAF9-5FEA293B9F10}.Debug|x64.Build.0 = Debug|x64
		{445A7CDA-5DF8-44E0-AAF9-5FEA293B9F10}.Debug|x86.ActiveCfg = Debug|Win32
		{445A7CDA-5DF8-44E0-AAF9-5FEA293B9F10}.Debug|x86.Build.0 = Debug|Win32
		{445A7CDA-5DF8-44E0-AAF9-5FEA293B9F10}.Release|x64.ActiveCfg = Release|x64
		{445A7CDA-5DF8-44E0-AAF9-5FEA293B9F10}.Release|x64.Build.0 = Release|x64
		{445A7CDA-5DF8-44E0-AAF9-5FEA293B9F10}.Release|x86.ActiveCfg = Release|Win32
		{445A7CDA-5DF8-44E0-AAF9-5FEA293B9F10}.Release|x86.Build.0 = Release|Win32
	EndGlobalSection
	GlobalSection(SolutionProperties) = preSolution
		HideSolutionNode = FALSE
	EndGlobalSection
	GlobalSection(ExtensibilityGlobals) = postSolution
		SolutionGuid = {5DF2075F-F2B0-4AD7-B1CA-E892093F5796}
	EndGlobalSection
EndGlobal
