
Microsoft Visual Studio Solution File, Format Version 12.00
# Visual Studio Version 16
VisualStudioVersion = 16.0.31624.102
MinimumVisualStudioVersion = 10.0.40219.1
Project("{8BC9CEB8-8B4A-11D0-8D11-00A0C91BC942}") = "单链表实现队列 - 结构体指针", "单链表实现队列 - 结构体指针.vcxproj", "{3DD044FC-0751-493C-8CA3-9E1EC6714DB9}"
EndProject
Global
	GlobalSection(SolutionConfigurationPlatforms) = preSolution
		Debug|x64 = Debug|x64
		Debug|x86 = Debug|x86
		Release|x64 = Release|x64
		Release|x86 = Release|x86
	EndGlobalSection
	GlobalSection(ProjectConfigurationPlatforms) = postSolution
		{3DD044FC-0751-493C-8CA3-9E1EC6714DB9}.Debug|x64.ActiveCfg = Debug|x64
		{3DD044FC-0751-493C-8CA3-9E1EC6714DB9}.Debug|x64.Build.0 = Debug|x64
		{3DD044FC-0751-493C-8CA3-9E1EC6714DB9}.Debug|x86.ActiveCfg = Debug|Win32
		{3DD044FC-0751-493C-8CA3-9E1EC6714DB9}.Debug|x86.Build.0 = Debug|Win32
		{3DD044FC-0751-493C-8CA3-9E1EC6714DB9}.Release|x64.ActiveCfg = Release|x64
		{3DD044FC-0751-493C-8CA3-9E1EC6714DB9}.Release|x64.Build.0 = Release|x64
		{3DD044FC-0751-493C-8CA3-9E1EC6714DB9}.Release|x86.ActiveCfg = Release|Win32
		{3DD044FC-0751-493C-8CA3-9E1EC6714DB9}.Release|x86.Build.0 = Release|Win32
	EndGlobalSection
	GlobalSection(SolutionProperties) = preSolution
		HideSolutionNode = FALSE
	EndGlobalSection
	GlobalSection(ExtensibilityGlobals) = postSolution
		SolutionGuid = {7E97C954-8B58-4EB2-8185-3BBDF8D85BBA}
	EndGlobalSection
EndGlobal
