
Microsoft Visual Studio Solution File, Format Version 12.00
# Visual Studio Version 16
VisualStudioVersion = 16.0.31624.102
MinimumVisualStudioVersion = 10.0.40219.1
Project("{8BC9CEB8-8B4A-11D0-8D11-00A0C91BC942}") = "字符串惟一", "字符串惟一.vcxproj", "{BF25E98D-4A88-4DEB-94B7-941E7CBB0609}"
EndProject
Global
	GlobalSection(SolutionConfigurationPlatforms) = preSolution
		Debug|x64 = Debug|x64
		Debug|x86 = Debug|x86
		Release|x64 = Release|x64
		Release|x86 = Release|x86
	EndGlobalSection
	GlobalSection(ProjectConfigurationPlatforms) = postSolution
		{BF25E98D-4A88-4DEB-94B7-941E7CBB0609}.Debug|x64.ActiveCfg = Debug|x64
		{BF25E98D-4A88-4DEB-94B7-941E7CBB0609}.Debug|x64.Build.0 = Debug|x64
		{BF25E98D-4A88-4DEB-94B7-941E7CBB0609}.Debug|x86.ActiveCfg = Debug|Win32
		{BF25E98D-4A88-4DEB-94B7-941E7CBB0609}.Debug|x86.Build.0 = Debug|Win32
		{BF25E98D-4A88-4DEB-94B7-941E7CBB0609}.Release|x64.ActiveCfg = Release|x64
		{BF25E98D-4A88-4DEB-94B7-941E7CBB0609}.Release|x64.Build.0 = Release|x64
		{BF25E98D-4A88-4DEB-94B7-941E7CBB0609}.Release|x86.ActiveCfg = Release|Win32
		{BF25E98D-4A88-4DEB-94B7-941E7CBB0609}.Release|x86.Build.0 = Release|Win32
	EndGlobalSection
	GlobalSection(SolutionProperties) = preSolution
		HideSolutionNode = FALSE
	EndGlobalSection
	GlobalSection(ExtensibilityGlobals) = postSolution
		SolutionGuid = {4A489DD2-645E-47CE-803F-0F2DCF78407E}
	EndGlobalSection
EndGlobal
