
Microsoft Visual Studio Solution File, Format Version 12.00
# Visual Studio Version 16
VisualStudioVersion = 16.0.31624.102
MinimumVisualStudioVersion = 10.0.40219.1
Project("{8BC9CEB8-8B4A-11D0-8D11-00A0C91BC942}") = "一元二次方程的解", "一元二次方程的解.vcxproj", "{F7FD04C8-2532-4DE2-8816-52CC45C01FFB}"
EndProject
Global
	GlobalSection(SolutionConfigurationPlatforms) = preSolution
		Debug|x64 = Debug|x64
		Debug|x86 = Debug|x86
		Release|x64 = Release|x64
		Release|x86 = Release|x86
	EndGlobalSection
	GlobalSection(ProjectConfigurationPlatforms) = postSolution
		{F7FD04C8-2532-4DE2-8816-52CC45C01FFB}.Debug|x64.ActiveCfg = Debug|x64
		{F7FD04C8-2532-4DE2-8816-52CC45C01FFB}.Debug|x64.Build.0 = Debug|x64
		{F7FD04C8-2532-4DE2-8816-52CC45C01FFB}.Debug|x86.ActiveCfg = Debug|Win32
		{F7FD04C8-2532-4DE2-8816-52CC45C01FFB}.Debug|x86.Build.0 = Debug|Win32
		{F7FD04C8-2532-4DE2-8816-52CC45C01FFB}.Release|x64.ActiveCfg = Release|x64
		{F7FD04C8-2532-4DE2-8816-52CC45C01FFB}.Release|x64.Build.0 = Release|x64
		{F7FD04C8-2532-4DE2-8816-52CC45C01FFB}.Release|x86.ActiveCfg = Release|Win32
		{F7FD04C8-2532-4DE2-8816-52CC45C01FFB}.Release|x86.Build.0 = Release|Win32
	EndGlobalSection
	GlobalSection(SolutionProperties) = preSolution
		HideSolutionNode = FALSE
	EndGlobalSection
	GlobalSection(ExtensibilityGlobals) = postSolution
		SolutionGuid = {09B4C4FF-1F8C-423A-A3FF-293C9D4C27E4}
	EndGlobalSection
EndGlobal
