
Microsoft Visual Studio Solution File, Format Version 12.00
# Visual Studio Version 16
VisualStudioVersion = 16.0.31624.102
MinimumVisualStudioVersion = 10.0.40219.1
Project("{8BC9CEB8-8B4A-11D0-8D11-00A0C91BC942}") = "字符串查找", "字符串查找.vcxproj", "{31D1AE1D-2950-496F-BD25-2A51A7A16D0B}"
EndProject
Global
	GlobalSection(SolutionConfigurationPlatforms) = preSolution
		Debug|x64 = Debug|x64
		Debug|x86 = Debug|x86
		Release|x64 = Release|x64
		Release|x86 = Release|x86
	EndGlobalSection
	GlobalSection(ProjectConfigurationPlatforms) = postSolution
		{31D1AE1D-2950-496F-BD25-2A51A7A16D0B}.Debug|x64.ActiveCfg = Debug|x64
		{31D1AE1D-2950-496F-BD25-2A51A7A16D0B}.Debug|x64.Build.0 = Debug|x64
		{31D1AE1D-2950-496F-BD25-2A51A7A16D0B}.Debug|x86.ActiveCfg = Debug|Win32
		{31D1AE1D-2950-496F-BD25-2A51A7A16D0B}.Debug|x86.Build.0 = Debug|Win32
		{31D1AE1D-2950-496F-BD25-2A51A7A16D0B}.Release|x64.ActiveCfg = Release|x64
		{31D1AE1D-2950-496F-BD25-2A51A7A16D0B}.Release|x64.Build.0 = Release|x64
		{31D1AE1D-2950-496F-BD25-2A51A7A16D0B}.Release|x86.ActiveCfg = Release|Win32
		{31D1AE1D-2950-496F-BD25-2A51A7A16D0B}.Release|x86.Build.0 = Release|Win32
	EndGlobalSection
	GlobalSection(SolutionProperties) = preSolution
		HideSolutionNode = FALSE
	EndGlobalSection
	GlobalSection(ExtensibilityGlobals) = postSolution
		SolutionGuid = {4DC5A800-321F-4CA4-B5EB-70613247C880}
	EndGlobalSection
EndGlobal
